
Microsoft Visual Studio Solution File, Format Version 12.00
# Visual Studio 15
VisualStudioVersion = 15.0.28307.1267
MinimumVisualStudioVersion = 10.0.40219.1
Project("{FAE04EC0-301F-11D3-BF4B-00C04F79EFBC}") = "Start", "Start\Start.csproj", "{3A7994BA-B7FF-4E23-8B49-90B7CAC0E91E}"
EndProject
Project("{FAE04EC0-301F-11D3-BF4B-00C04F79EFBC}") = "Model", "Model\Model.csproj", "{2672A411-73AC-4F08-9D49-1F4E5CCCF683}"
EndProject
Project("{FAE04EC0-301F-11D3-BF4B-00C04F79EFBC}") = "View", "View\View.csproj", "{238B4D23-00C1-4343-BDCB-0120A371A90D}"
EndProject
Project("{FAE04EC0-301F-11D3-BF4B-00C04F79EFBC}") = "Controller", "Controller\Controller.csproj", "{DDEEF273-EE7C-4E66-8962-7F8DD1296221}"
EndProject
Global
	GlobalSection(SolutionConfigurationPlatforms) = preSolution
		Debug|Any CPU = Debug|Any CPU
		Release|Any CPU = Release|Any CPU
	EndGlobalSection
	GlobalSection(ProjectConfigurationPlatforms) = postSolution
		{3A7994BA-B7FF-4E23-8B49-90B7CAC0E91E}.Debug|Any CPU.ActiveCfg = Debug|Any CPU
		{3A7994BA-B7FF-4E23-8B49-90B7CAC0E91E}.Debug|Any CPU.Build.0 = Debug|Any CPU
		{3A7994BA-B7FF-4E23-8B49-90B7CAC0E91E}.Release|Any CPU.ActiveCfg = Release|Any CPU
		{3A7994BA-B7FF-4E23-8B49-90B7CAC0E91E}.Release|Any CPU.Build.0 = Release|Any CPU
		{2672A411-73AC-4F08-9D49-1F4E5CCCF683}.Debug|Any CPU.ActiveCfg = Debug|Any CPU
		{2672A411-73AC-4F08-9D49-1F4E5CCCF683}.Debug|Any CPU.Build.0 = Debug|Any CPU
		{2672A411-73AC-4F08-9D49-1F4E5CCCF683}.Release|Any CPU.ActiveCfg = Release|Any CPU
		{2672A411-73AC-4F08-9D49-1F4E5CCCF683}.Release|Any CPU.Build.0 = Release|Any CPU
		{238B4D23-00C1-4343-BDCB-0120A371A90D}.Debug|Any CPU.ActiveCfg = Debug|Any CPU
		{238B4D23-00C1-4343-BDCB-0120A371A90D}.Debug|Any CPU.Build.0 = Debug|Any CPU
		{238B4D23-00C1-4343-BDCB-0120A371A90D}.Release|Any CPU.ActiveCfg = Release|Any CPU
		{238B4D23-00C1-4343-BDCB-0120A371A90D}.Release|Any CPU.Build.0 = Release|Any CPU
		{DDEEF273-EE7C-4E66-8962-7F8DD1296221}.Debug|Any CPU.ActiveCfg = Debug|Any CPU
		{DDEEF273-EE7C-4E66-8962-7F8DD1296221}.Debug|Any CPU.Build.0 = Debug|Any CPU
		{DDEEF273-EE7C-4E66-8962-7F8DD1296221}.Release|Any CPU.ActiveCfg = Release|Any CPU
		{DDEEF273-EE7C-4E66-8962-7F8DD1296221}.Release|Any CPU.Build.0 = Release|Any CPU
	EndGlobalSection
	GlobalSection(SolutionProperties) = preSolution
		HideSolutionNode = FALSE
	EndGlobalSection
	GlobalSection(ExtensibilityGlobals) = postSolution
		SolutionGuid = {FA7566C2-90A0-462E-8875-D46E3BFE789C}
	EndGlobalSection
EndGlobal
