
Microsoft Visual Studio Solution File, Format Version 12.00
# Visual Studio 15
VisualStudioVersion = 15.0.28307.1267
MinimumVisualStudioVersion = 10.0.40219.1
Project("{FAE04EC0-301F-11D3-BF4B-00C04F79EFBC}") = "Model", "Model\Model.csproj", "{79AD83EF-B1FE-40F7-BC7B-5E8C3CC62667}"
EndProject
Project("{FAE04EC0-301F-11D3-BF4B-00C04F79EFBC}") = "View", "View\View.csproj", "{BE6BD1CD-BA48-4161-A4A5-FB638E7BAEA6}"
EndProject
Project("{FAE04EC0-301F-11D3-BF4B-00C04F79EFBC}") = "Controller", "Controller\Controller.csproj", "{04DC851E-CF20-44F9-828D-041950B290EF}"
EndProject
Project("{FAE04EC0-301F-11D3-BF4B-00C04F79EFBC}") = "UnitTests", "UnitTests\UnitTests.csproj", "{A76C63B3-47BD-40DB-B1AC-CC2CD406EB0A}"
EndProject
Global
	GlobalSection(SolutionConfigurationPlatforms) = preSolution
		Debug|Any CPU = Debug|Any CPU
		Release|Any CPU = Release|Any CPU
	EndGlobalSection
	GlobalSection(ProjectConfigurationPlatforms) = postSolution
		{79AD83EF-B1FE-40F7-BC7B-5E8C3CC62667}.Debug|Any CPU.ActiveCfg = Debug|Any CPU
		{79AD83EF-B1FE-40F7-BC7B-5E8C3CC62667}.Debug|Any CPU.Build.0 = Debug|Any CPU
		{79AD83EF-B1FE-40F7-BC7B-5E8C3CC62667}.Release|Any CPU.ActiveCfg = Release|Any CPU
		{79AD83EF-B1FE-40F7-BC7B-5E8C3CC62667}.Release|Any CPU.Build.0 = Release|Any CPU
		{BE6BD1CD-BA48-4161-A4A5-FB638E7BAEA6}.Debug|Any CPU.ActiveCfg = Debug|Any CPU
		{BE6BD1CD-BA48-4161-A4A5-FB638E7BAEA6}.Debug|Any CPU.Build.0 = Debug|Any CPU
		{BE6BD1CD-BA48-4161-A4A5-FB638E7BAEA6}.Release|Any CPU.ActiveCfg = Release|Any CPU
		{BE6BD1CD-BA48-4161-A4A5-FB638E7BAEA6}.Release|Any CPU.Build.0 = Release|Any CPU
		{04DC851E-CF20-44F9-828D-041950B290EF}.Debug|Any CPU.ActiveCfg = Debug|Any CPU
		{04DC851E-CF20-44F9-828D-041950B290EF}.Debug|Any CPU.Build.0 = Debug|Any CPU
		{04DC851E-CF20-44F9-828D-041950B290EF}.Release|Any CPU.ActiveCfg = Release|Any CPU
		{04DC851E-CF20-44F9-828D-041950B290EF}.Release|Any CPU.Build.0 = Release|Any CPU
		{A76C63B3-47BD-40DB-B1AC-CC2CD406EB0A}.Debug|Any CPU.ActiveCfg = Debug|Any CPU
		{A76C63B3-47BD-40DB-B1AC-CC2CD406EB0A}.Debug|Any CPU.Build.0 = Debug|Any CPU
		{A76C63B3-47BD-40DB-B1AC-CC2CD406EB0A}.Release|Any CPU.ActiveCfg = Release|Any CPU
		{A76C63B3-47BD-40DB-B1AC-CC2CD406EB0A}.Release|Any CPU.Build.0 = Release|Any CPU
	EndGlobalSection
	GlobalSection(SolutionProperties) = preSolution
		HideSolutionNode = FALSE
	EndGlobalSection
	GlobalSection(ExtensibilityGlobals) = postSolution
		SolutionGuid = {912B81E9-6EB5-49DA-A6BB-3957711B0929}
	EndGlobalSection
EndGlobal
